
Microsoft Visual Studio Solution File, Format Version 12.00
# Visual Studio Version 16
VisualStudioVersion = 16.0.31129.286
MinimumVisualStudioVersion = 10.0.40219.1
Project("{FAE04EC0-301F-11D3-BF4B-00C04F79EFBC}") = "UDP klient", "UDP klient.csproj", "{5256B717-F646-4DF3-9CEC-519D75D93E2B}"
EndProject
Project("{FAE04EC0-301F-11D3-BF4B-00C04F79EFBC}") = "UDP server", "..\UDP server\UDP server.csproj", "{8AF1CBA9-6BFB-477B-B2D3-28AE285F2B09}"
EndProject
Global
	GlobalSection(SolutionConfigurationPlatforms) = preSolution
		Debug|Any CPU = Debug|Any CPU
		Release|Any CPU = Release|Any CPU
	EndGlobalSection
	GlobalSection(ProjectConfigurationPlatforms) = postSolution
		{5256B717-F646-4DF3-9CEC-519D75D93E2B}.Debug|Any CPU.ActiveCfg = Debug|Any CPU
		{5256B717-F646-4DF3-9CEC-519D75D93E2B}.Debug|Any CPU.Build.0 = Debug|Any CPU
		{5256B717-F646-4DF3-9CEC-519D75D93E2B}.Release|Any CPU.ActiveCfg = Release|Any CPU
		{5256B717-F646-4DF3-9CEC-519D75D93E2B}.Release|Any CPU.Build.0 = Release|Any CPU
		{8AF1CBA9-6BFB-477B-B2D3-28AE285F2B09}.Debug|Any CPU.ActiveCfg = Debug|Any CPU
		{8AF1CBA9-6BFB-477B-B2D3-28AE285F2B09}.Debug|Any CPU.Build.0 = Debug|Any CPU
		{8AF1CBA9-6BFB-477B-B2D3-28AE285F2B09}.Release|Any CPU.ActiveCfg = Release|Any CPU
		{8AF1CBA9-6BFB-477B-B2D3-28AE285F2B09}.Release|Any CPU.Build.0 = Release|Any CPU
	EndGlobalSection
	GlobalSection(SolutionProperties) = preSolution
		HideSolutionNode = FALSE
	EndGlobalSection
	GlobalSection(ExtensibilityGlobals) = postSolution
		SolutionGuid = {1515649F-16C2-4059-83E2-0BD4EFDFB438}
	EndGlobalSection
EndGlobal
